
Microsoft Visual Studio Solution File, Format Version 10.00
# Visual C# Express 2008
Project("{FAE04EC0-301F-11D3-BF4B-00C04F79EFBC}") = "DotNetAutoUpdate", "DotNetAutoUpdate\DotNetAutoUpdate.csproj", "{45FC2789-D0C3-4A2E-80B4-D599AECD7BBE}"
EndProject
Project("{FAE04EC0-301F-11D3-BF4B-00C04F79EFBC}") = "DotNetAutoUpdate.Tests", "DotNetAutoUpdate.Tests\DotNetAutoUpdate.Tests.csproj", "{86E2598B-1D93-4C48-84F8-677EB3E15178}"
EndProject
Project("{FAE04EC0-301F-11D3-BF4B-00C04F79EFBC}") = "nunit-gui.exe_VS2005", "..\dependencies\NUnit\src\GuiRunner\nunit-gui-exe\nunit-gui.exe_VS2005.csproj", "{AAB186A4-FA3D-404D-AD78-7EB5BB861655}"
	ProjectSection(ProjectDependencies) = postProject
		{86E2598B-1D93-4C48-84F8-677EB3E15178} = {86E2598B-1D93-4C48-84F8-677EB3E15178}
	EndProjectSection
EndProject
Project("{FAE04EC0-301F-11D3-BF4B-00C04F79EFBC}") = "DotNetAutoUpdateTool", "DotNetAutoUpdateTool\DotNetAutoUpdateTool.csproj", "{AAC7316B-F6E0-4240-8432-98F23009743A}"
EndProject
Project("{FAE04EC0-301F-11D3-BF4B-00C04F79EFBC}") = "TestInstallerApp", "TestInstallerApp\TestInstallerApp.csproj", "{C58CA418-DBDD-4918-AFC3-F293FA8CDBDD}"
EndProject
Project("{FAE04EC0-301F-11D3-BF4B-00C04F79EFBC}") = "TestWebServer", "TestWebServer\TestWebServer.csproj", "{D4C78C29-8FE1-4101-8679-F17C86699099}"
EndProject
Project("{FAE04EC0-301F-11D3-BF4B-00C04F79EFBC}") = "TestApp", "TestApp\TestApp.csproj", "{BDF30CF2-ED3E-466D-B537-008894DD48AF}"
EndProject
Global
	GlobalSection(SolutionConfigurationPlatforms) = preSolution
		Debug|Any CPU = Debug|Any CPU
		Debug2005|Any CPU = Debug2005|Any CPU
		Release|Any CPU = Release|Any CPU
		Release2005|Any CPU = Release2005|Any CPU
	EndGlobalSection
	GlobalSection(ProjectConfigurationPlatforms) = postSolution
		{45FC2789-D0C3-4A2E-80B4-D599AECD7BBE}.Debug|Any CPU.ActiveCfg = Debug|Any CPU
		{45FC2789-D0C3-4A2E-80B4-D599AECD7BBE}.Debug|Any CPU.Build.0 = Debug|Any CPU
		{45FC2789-D0C3-4A2E-80B4-D599AECD7BBE}.Debug2005|Any CPU.ActiveCfg = Debug|Any CPU
		{45FC2789-D0C3-4A2E-80B4-D599AECD7BBE}.Debug2005|Any CPU.Build.0 = Debug|Any CPU
		{45FC2789-D0C3-4A2E-80B4-D599AECD7BBE}.Release|Any CPU.ActiveCfg = Release|Any CPU
		{45FC2789-D0C3-4A2E-80B4-D599AECD7BBE}.Release|Any CPU.Build.0 = Release|Any CPU
		{45FC2789-D0C3-4A2E-80B4-D599AECD7BBE}.Release2005|Any CPU.ActiveCfg = Release|Any CPU
		{45FC2789-D0C3-4A2E-80B4-D599AECD7BBE}.Release2005|Any CPU.Build.0 = Release|Any CPU
		{86E2598B-1D93-4C48-84F8-677EB3E15178}.Debug|Any CPU.ActiveCfg = Debug|Any CPU
		{86E2598B-1D93-4C48-84F8-677EB3E15178}.Debug|Any CPU.Build.0 = Debug|Any CPU
		{86E2598B-1D93-4C48-84F8-677EB3E15178}.Debug2005|Any CPU.ActiveCfg = Debug|Any CPU
		{86E2598B-1D93-4C48-84F8-677EB3E15178}.Debug2005|Any CPU.Build.0 = Debug|Any CPU
		{86E2598B-1D93-4C48-84F8-677EB3E15178}.Release|Any CPU.ActiveCfg = Release|Any CPU
		{86E2598B-1D93-4C48-84F8-677EB3E15178}.Release|Any CPU.Build.0 = Release|Any CPU
		{86E2598B-1D93-4C48-84F8-677EB3E15178}.Release2005|Any CPU.ActiveCfg = Release|Any CPU
		{86E2598B-1D93-4C48-84F8-677EB3E15178}.Release2005|Any CPU.Build.0 = Release|Any CPU
		{AAB186A4-FA3D-404D-AD78-7EB5BB861655}.Debug|Any CPU.ActiveCfg = Debug2005|Any CPU
		{AAB186A4-FA3D-404D-AD78-7EB5BB861655}.Debug|Any CPU.Build.0 = Debug2005|Any CPU
		{AAB186A4-FA3D-404D-AD78-7EB5BB861655}.Debug2005|Any CPU.ActiveCfg = Debug2005|Any CPU
		{AAB186A4-FA3D-404D-AD78-7EB5BB861655}.Debug2005|Any CPU.Build.0 = Debug2005|Any CPU
		{AAB186A4-FA3D-404D-AD78-7EB5BB861655}.Release|Any CPU.ActiveCfg = Release2005|Any CPU
		{AAB186A4-FA3D-404D-AD78-7EB5BB861655}.Release|Any CPU.Build.0 = Release2005|Any CPU
		{AAB186A4-FA3D-404D-AD78-7EB5BB861655}.Release2005|Any CPU.ActiveCfg = Release2005|Any CPU
		{AAB186A4-FA3D-404D-AD78-7EB5BB861655}.Release2005|Any CPU.Build.0 = Release2005|Any CPU
		{AAC7316B-F6E0-4240-8432-98F23009743A}.Debug|Any CPU.ActiveCfg = Debug|Any CPU
		{AAC7316B-F6E0-4240-8432-98F23009743A}.Debug|Any CPU.Build.0 = Debug|Any CPU
		{AAC7316B-F6E0-4240-8432-98F23009743A}.Debug2005|Any CPU.ActiveCfg = Debug|Any CPU
		{AAC7316B-F6E0-4240-8432-98F23009743A}.Debug2005|Any CPU.Build.0 = Debug|Any CPU
		{AAC7316B-F6E0-4240-8432-98F23009743A}.Release|Any CPU.ActiveCfg = Release|Any CPU
		{AAC7316B-F6E0-4240-8432-98F23009743A}.Release|Any CPU.Build.0 = Release|Any CPU
		{AAC7316B-F6E0-4240-8432-98F23009743A}.Release2005|Any CPU.ActiveCfg = Release|Any CPU
		{AAC7316B-F6E0-4240-8432-98F23009743A}.Release2005|Any CPU.Build.0 = Release|Any CPU
		{C58CA418-DBDD-4918-AFC3-F293FA8CDBDD}.Debug|Any CPU.ActiveCfg = Debug|Any CPU
		{C58CA418-DBDD-4918-AFC3-F293FA8CDBDD}.Debug|Any CPU.Build.0 = Debug|Any CPU
		{C58CA418-DBDD-4918-AFC3-F293FA8CDBDD}.Debug2005|Any CPU.ActiveCfg = Debug|Any CPU
		{C58CA418-DBDD-4918-AFC3-F293FA8CDBDD}.Debug2005|Any CPU.Build.0 = Debug|Any CPU
		{C58CA418-DBDD-4918-AFC3-F293FA8CDBDD}.Release|Any CPU.ActiveCfg = Release|Any CPU
		{C58CA418-DBDD-4918-AFC3-F293FA8CDBDD}.Release|Any CPU.Build.0 = Release|Any CPU
		{C58CA418-DBDD-4918-AFC3-F293FA8CDBDD}.Release2005|Any CPU.ActiveCfg = Release|Any CPU
		{C58CA418-DBDD-4918-AFC3-F293FA8CDBDD}.Release2005|Any CPU.Build.0 = Release|Any CPU
		{D4C78C29-8FE1-4101-8679-F17C86699099}.Debug|Any CPU.ActiveCfg = Debug|Any CPU
		{D4C78C29-8FE1-4101-8679-F17C86699099}.Debug|Any CPU.Build.0 = Debug|Any CPU
		{D4C78C29-8FE1-4101-8679-F17C86699099}.Debug2005|Any CPU.ActiveCfg = Debug|Any CPU
		{D4C78C29-8FE1-4101-8679-F17C86699099}.Debug2005|Any CPU.Build.0 = Debug|Any CPU
		{D4C78C29-8FE1-4101-8679-F17C86699099}.Release|Any CPU.ActiveCfg = Release|Any CPU
		{D4C78C29-8FE1-4101-8679-F17C86699099}.Release|Any CPU.Build.0 = Release|Any CPU
		{D4C78C29-8FE1-4101-8679-F17C86699099}.Release2005|Any CPU.ActiveCfg = Release|Any CPU
		{D4C78C29-8FE1-4101-8679-F17C86699099}.Release2005|Any CPU.Build.0 = Release|Any CPU
		{BDF30CF2-ED3E-466D-B537-008894DD48AF}.Debug|Any CPU.ActiveCfg = Debug|Any CPU
		{BDF30CF2-ED3E-466D-B537-008894DD48AF}.Debug|Any CPU.Build.0 = Debug|Any CPU
		{BDF30CF2-ED3E-466D-B537-008894DD48AF}.Debug2005|Any CPU.ActiveCfg = Debug|Any CPU
		{BDF30CF2-ED3E-466D-B537-008894DD48AF}.Debug2005|Any CPU.Build.0 = Debug|Any CPU
		{BDF30CF2-ED3E-466D-B537-008894DD48AF}.Release|Any CPU.ActiveCfg = Release|Any CPU
		{BDF30CF2-ED3E-466D-B537-008894DD48AF}.Release|Any CPU.Build.0 = Release|Any CPU
		{BDF30CF2-ED3E-466D-B537-008894DD48AF}.Release2005|Any CPU.ActiveCfg = Release|Any CPU
		{BDF30CF2-ED3E-466D-B537-008894DD48AF}.Release2005|Any CPU.Build.0 = Release|Any CPU
	EndGlobalSection
	GlobalSection(SolutionProperties) = preSolution
		HideSolutionNode = FALSE
	EndGlobalSection
EndGlobal
